
Microsoft Visual Studio Solution File, Format Version 12.00
# Visual Studio Version 17
VisualStudioVersion = 17.3.32811.315
MinimumVisualStudioVersion = 10.0.40219.1
Project("{FAE04EC0-301F-11D3-BF4B-00C04F79EFBC}") = "Nhom2_QuanLiHopDongQuangCao_VietBai", "Nhom2_QuanLiHopDongQuangCao_VietBai\Nhom2_QuanLiHopDongQuangCao_VietBai.csproj", "{EEC56609-02C3-40DA-A31F-ADC3E7EB7EC0}"
EndProject
Global
	GlobalSection(SolutionConfigurationPlatforms) = preSolution
		Debug|Any CPU = Debug|Any CPU
		Release|Any CPU = Release|Any CPU
	EndGlobalSection
	GlobalSection(ProjectConfigurationPlatforms) = postSolution
		{EEC56609-02C3-40DA-A31F-ADC3E7EB7EC0}.Debug|Any CPU.ActiveCfg = Debug|Any CPU
		{EEC56609-02C3-40DA-A31F-ADC3E7EB7EC0}.Debug|Any CPU.Build.0 = Debug|Any CPU
		{EEC56609-02C3-40DA-A31F-ADC3E7EB7EC0}.Release|Any CPU.ActiveCfg = Release|Any CPU
		{EEC56609-02C3-40DA-A31F-ADC3E7EB7EC0}.Release|Any CPU.Build.0 = Release|Any CPU
	EndGlobalSection
	GlobalSection(SolutionProperties) = preSolution
		HideSolutionNode = FALSE
	EndGlobalSection
	GlobalSection(ExtensibilityGlobals) = postSolution
		SolutionGuid = {6E76EA65-3689-4FD5-9412-D2A20E9E0A32}
	EndGlobalSection
EndGlobal
